// !$*UTF8*$!
{
	archiveVersion = 1;
	classes = {
	};
	objectVersion = 46;
	objects = {

/* Begin PBXBuildFile section */
		13FBFA241B7D4CC500813A0D /* TMVAClassification_sTop_Search.C in Sources */ = {isa = PBXBuildFile; fileRef = 13FBFA231B7D4CC500813A0D /* TMVAClassification_sTop_Search.C */; };
/* End PBXBuildFile section */

/* Begin PBXCopyFilesBuildPhase section */
		13FBFA171B7D47E200813A0D /* CopyFiles */ = {
			isa = PBXCopyFilesBuildPhase;
			buildActionMask = 2147483647;
			dstPath = /usr/share/man/man1/;
			dstSubfolderSpec = 0;
			files = (
			);
			runOnlyForDeploymentPostprocessing = 1;
		};
/* End PBXCopyFilesBuildPhase section */

/* Begin PBXFileReference section */
		13FBFA191B7D47E200813A0D /* sTop_TMVA_Analysis */ = {isa = PBXFileReference; explicitFileType = "compiled.mach-o.executable"; includeInIndex = 0; path = sTop_TMVA_Analysis; sourceTree = BUILT_PRODUCTS_DIR; };
		13FBFA231B7D4CC500813A0D /* TMVAClassification_sTop_Search.C */ = {isa = PBXFileReference; fileEncoding = 4; lastKnownFileType = sourcecode.cpp.cpp; path = TMVAClassification_sTop_Search.C; sourceTree = "<group>"; };
/* End PBXFileReference section */

/* Begin PBXFrameworksBuildPhase section */
		13FBFA161B7D47E200813A0D /* Frameworks */ = {
			isa = PBXFrameworksBuildPhase;
			buildActionMask = 2147483647;
			files = (
			);
			runOnlyForDeploymentPostprocessing = 0;
		};
/* End PBXFrameworksBuildPhase section */

/* Begin PBXGroup section */
		13FBFA101B7D47E200813A0D = {
			isa = PBXGroup;
			children = (
				13FBFA1B1B7D47E200813A0D /* sTop_TMVA_Analysis */,
				13FBFA1A1B7D47E200813A0D /* Products */,
			);
			sourceTree = "<group>";
		};
		13FBFA1A1B7D47E200813A0D /* Products */ = {
			isa = PBXGroup;
			children = (
				13FBFA191B7D47E200813A0D /* sTop_TMVA_Analysis */,
			);
			name = Products;
			sourceTree = "<group>";
		};
		13FBFA1B1B7D47E200813A0D /* sTop_TMVA_Analysis */ = {
			isa = PBXGroup;
			children = (
				13FBFA231B7D4CC500813A0D /* TMVAClassification_sTop_Search.C */,
			);
			path = sTop_TMVA_Analysis;
			sourceTree = "<group>";
		};
/* End PBXGroup section */

/* Begin PBXNativeTarget section */
		13FBFA181B7D47E200813A0D /* sTop_TMVA_Analysis */ = {
			isa = PBXNativeTarget;
			buildConfigurationList = 13FBFA201B7D47E200813A0D /* Build configuration list for PBXNativeTarget "sTop_TMVA_Analysis" */;
			buildPhases = (
				13FBFA151B7D47E200813A0D /* Sources */,
				13FBFA161B7D47E200813A0D /* Frameworks */,
				13FBFA171B7D47E200813A0D /* CopyFiles */,
			);
			buildRules = (
			);
			dependencies = (
			);
			name = sTop_TMVA_Analysis;
			productName = sTop_TMVA_Analysis;
			productReference = 13FBFA191B7D47E200813A0D /* sTop_TMVA_Analysis */;
			productType = "com.apple.product-type.tool";
		};
/* End PBXNativeTarget section */

/* Begin PBXProject section */
		13FBFA111B7D47E200813A0D /* Project object */ = {
			isa = PBXProject;
			attributes = {
				LastUpgradeCheck = 0640;
				ORGANIZATIONNAME = "Jamal Rorie";
				TargetAttributes = {
					13FBFA181B7D47E200813A0D = {
						CreatedOnToolsVersion = 6.4;
					};
				};
			};
			buildConfigurationList = 13FBFA141B7D47E200813A0D /* Build configuration list for PBXProject "sTop_TMVA_Analysis" */;
			compatibilityVersion = "Xcode 3.2";
			developmentRegion = English;
			hasScannedForEncodings = 0;
			knownRegions = (
				en,
			);
			mainGroup = 13FBFA101B7D47E200813A0D;
			productRefGroup = 13FBFA1A1B7D47E200813A0D /* Products */;
			projectDirPath = "";
			projectRoot = "";
			targets = (
				13FBFA181B7D47E200813A0D /* sTop_TMVA_Analysis */,
			);
		};
/* End PBXProject section */

/* Begin PBXSourcesBuildPhase section */
		13FBFA151B7D47E200813A0D /* Sources */ = {
			isa = PBXSourcesBuildPhase;
			buildActionMask = 2147483647;
			files = (
				13FBFA241B7D4CC500813A0D /* TMVAClassification_sTop_Search.C in Sources */,
			);
			runOnlyForDeploymentPostprocessing = 0;
		};
/* End PBXSourcesBuildPhase section */

/* Begin XCBuildConfiguration section */
		13FBFA1E1B7D47E200813A0D /* Debug */ = {
			isa = XCBuildConfiguration;
			buildSettings = {
				ALWAYS_SEARCH_USER_PATHS = NO;
				CLANG_CXX_LANGUAGE_STANDARD = "gnu++0x";
				CLANG_CXX_LIBRARY = "libc++";
				CLANG_ENABLE_MODULES = YES;
				CLANG_ENABLE_OBJC_ARC = YES;
				CLANG_WARN_BOOL_CONVERSION = YES;
				CLANG_WARN_CONSTANT_CONVERSION = YES;
				CLANG_WARN_DIRECT_OBJC_ISA_USAGE = YES_ERROR;
				CLANG_WARN_EMPTY_BODY = YES;
				CLANG_WARN_ENUM_CONVERSION = YES;
				CLANG_WARN_INT_CONVERSION = YES;
				CLANG_WARN_OBJC_ROOT_CLASS = YES_ERROR;
				CLANG_WARN_UNREACHABLE_CODE = YES;
				CLANG_WARN__DUPLICATE_METHOD_MATCH = YES;
				COPY_PHASE_STRIP = NO;
				DEBUG_INFORMATION_FORMAT = dwarf;
				ENABLE_STRICT_OBJC_MSGSEND = YES;
				GCC_C_LANGUAGE_STANDARD = gnu99;
				GCC_DYNAMIC_NO_PIC = NO;
				GCC_NO_COMMON_BLOCKS = YES;
				GCC_OPTIMIZATION_LEVEL = 0;
				GCC_PREPROCESSOR_DEFINITIONS = (
					"DEBUG=1",
					"$(inherited)",
				);
				GCC_SYMBOLS_PRIVATE_EXTERN = NO;
				GCC_WARN_64_TO_32_BIT_CONVERSION = YES;
				GCC_WARN_ABOUT_RETURN_TYPE = YES_ERROR;
				GCC_WARN_UNDECLARED_SELECTOR = YES;
				GCC_WARN_UNINITIALIZED_AUTOS = YES_AGGRESSIVE;
				GCC_WARN_UNUSED_FUNCTION = YES;
				GCC_WARN_UNUSED_VARIABLE = YES;
				MACOSX_DEPLOYMENT_TARGET = 10.10;
				MTL_ENABLE_DEBUG_INFO = YES;
				ONLY_ACTIVE_ARCH = YES;
				SDKROOT = macosx;
			};
			name = Debug;
		};
		13FBFA1F1B7D47E200813A0D /* Release */ = {
			isa = XCBuildConfiguration;
			buildSettings = {
				ALWAYS_SEARCH_USER_PATHS = NO;
				CLANG_CXX_LANGUAGE_STANDARD = "gnu++0x";
				CLANG_CXX_LIBRARY = "libc++";
				CLANG_ENABLE_MODULES = YES;
				CLANG_ENABLE_OBJC_ARC = YES;
				CLANG_WARN_BOOL_CONVERSION = YES;
				CLANG_WARN_CONSTANT_CONVERSION = YES;
				CLANG_WARN_DIRECT_OBJC_ISA_USAGE = YES_ERROR;
				CLANG_WARN_EMPTY_BODY = YES;
				CLANG_WARN_ENUM_CONVERSION = YES;
				CLANG_WARN_INT_CONVERSION = YES;
				CLANG_WARN_OBJC_ROOT_CLASS = YES_ERROR;
				CLANG_WARN_UNREACHABLE_CODE = YES;
				CLANG_WARN__DUPLICATE_METHOD_MATCH = YES;
				COPY_PHASE_STRIP = NO;
				DEBUG_INFORMATION_FORMAT = "dwarf-with-dsym";
				ENABLE_NS_ASSERTIONS = NO;
				ENABLE_STRICT_OBJC_MSGSEND = YES;
				GCC_C_LANGUAGE_STANDARD = gnu99;
				GCC_NO_COMMON_BLOCKS = YES;
				GCC_WARN_64_TO_32_BIT_CONVERSION = YES;
				GCC_WARN_ABOUT_RETURN_TYPE = YES_ERROR;
				GCC_WARN_UNDECLARED_SELECTOR = YES;
				GCC_WARN_UNINITIALIZED_AUTOS = YES_AGGRESSIVE;
				GCC_WARN_UNUSED_FUNCTION = YES;
				GCC_WARN_UNUSED_VARIABLE = YES;
				MACOSX_DEPLOYMENT_TARGET = 10.10;
				MTL_ENABLE_DEBUG_INFO = NO;
				SDKROOT = macosx;
			};
			name = Release;
		};
		13FBFA211B7D47E200813A0D /* Debug */ = {
			isa = XCBuildConfiguration;
			buildSettings = {
				PRODUCT_NAME = "$(TARGET_NAME)";
			};
			name = Debug;
		};
		13FBFA221B7D47E200813A0D /* Release */ = {
			isa = XCBuildConfiguration;
			buildSettings = {
				PRODUCT_NAME = "$(TARGET_NAME)";
			};
			name = Release;
		};
/* End XCBuildConfiguration section */

/* Begin XCConfigurationList section */
		13FBFA141B7D47E200813A0D /* Build configuration list for PBXProject "sTop_TMVA_Analysis" */ = {
			isa = XCConfigurationList;
			buildConfigurations = (
				13FBFA1E1B7D47E200813A0D /* Debug */,
				13FBFA1F1B7D47E200813A0D /* Release */,
			);
			defaultConfigurationIsVisible = 0;
			defaultConfigurationName = Release;
		};
		13FBFA201B7D47E200813A0D /* Build configuration list for PBXNativeTarget "sTop_TMVA_Analysis" */ = {
			isa = XCConfigurationList;
			buildConfigurations = (
				13FBFA211B7D47E200813A0D /* Debug */,
				13FBFA221B7D47E200813A0D /* Release */,
			);
			defaultConfigurationIsVisible = 0;
		};
/* End XCConfigurationList section */
	};
	rootObject = 13FBFA111B7D47E200813A0D /* Project object */;
}
